{
  "pins" : [
    {
      "identity" : "bonjour",
      "kind" : "remoteSourceControl",
      "location" : "https://github.com/eugenebokhan/Bonjour.git",
      "state" : {
        "revision" : "4e2912cddb3dcc8ec48370851ba0eb19f1a3e6af",
        "version" : "2.1.0"
      }
    },
    {
      "identity" : "simit",
      "kind" : "remoteSourceControl",
      "location" : "https://github.com/koust/simit",
      "state" : {
        "branch" : "master",
        "revision" : "343cdc4e014b3506a4d5e919838b73da686a5aca"
      }
    }
  ],
  "version" : 2
}
