{
  "pins" : [
    {
      "identity" : "bonjour",
      "kind" : "remoteSourceControl",
      "location" : "https://github.com/eugenebokhan/Bonjour.git",
      "state" : {
        "revision" : "4e2912cddb3dcc8ec48370851ba0eb19f1a3e6af",
        "version" : "2.1.0"
      }
    },
    {
      "identity" : "simit",
      "kind" : "remoteSourceControl",
      "location" : "https://github.com/koust/simit",
      "state" : {
        "branch" : "master",
        "revision" : "c566c4422ce6b58e02c69694ed3b581d498d0a46"
      }
    }
  ],
  "version" : 2
}
